{
  "requires": true,
  "lockfileVersion": 1,
  "dependencies": {
    "mathjax": {
      "version": "2.7.4",
      "resolved": "https://registry.npmjs.org/mathjax/-/mathjax-2.7.4.tgz",
      "integrity": "sha512-B6SLtoETmV08kqTepRyz8eqMRGFzllPy2QASKFdFl0g0YB6SNgQVnWae11RaF3/y8ZKLTJNJ7hLbMIqmBEkLzw=="
    }
  }
}
